{
  "name": "Codigo",
  "lockfileVersion": 2,
  "requires": true,
  "packages": {
    "": {
      "dependencies": {
        "@azure/msal-browser": "^2.32.0"
      }
    },
    "node_modules/@azure/msal-browser": {
      "version": "2.32.0",
      "resolved": "https://registry.npmjs.org/@azure/msal-browser/-/msal-browser-2.32.0.tgz",
      "integrity": "sha512-uDP0vNmIefM6+RjILGKu+zOiN+VGnEvxRfUIV5hOWOWLLkG7kcDPYG/v/EJMoG+R5DYW9jXA5nvZT76t5HdEAQ==",
      "dependencies": {
        "@azure/msal-common": "^9.0.0"
      },
      "engines": {
        "node": ">=0.8.0"
      }
    },
    "node_modules/@azure/msal-common": {
      "version": "9.0.0",
      "resolved": "https://registry.npmjs.org/@azure/msal-common/-/msal-common-9.0.0.tgz",
      "integrity": "sha512-uiFiFKVNTsRpmKio5bcObTuHcaHHZB2GEsjJJN8rbJNmzoYuZzNioOoK+J0QK0jEasRBgAoR5A8hSty2iKRzIg==",
      "engines": {
        "node": ">=0.8.0"
      }
    }
  },
  "dependencies": {
    "@azure/msal-browser": {
      "version": "2.32.0",
      "resolved": "https://registry.npmjs.org/@azure/msal-browser/-/msal-browser-2.32.0.tgz",
      "integrity": "sha512-uDP0vNmIefM6+RjILGKu+zOiN+VGnEvxRfUIV5hOWOWLLkG7kcDPYG/v/EJMoG+R5DYW9jXA5nvZT76t5HdEAQ==",
      "requires": {
        "@azure/msal-common": "^9.0.0"
      }
    },
    "@azure/msal-common": {
      "version": "9.0.0",
      "resolved": "https://registry.npmjs.org/@azure/msal-common/-/msal-common-9.0.0.tgz",
      "integrity": "sha512-uiFiFKVNTsRpmKio5bcObTuHcaHHZB2GEsjJJN8rbJNmzoYuZzNioOoK+J0QK0jEasRBgAoR5A8hSty2iKRzIg=="
    }
  }
}
